// !$*UTF8*$!
{
	archiveVersion = 1;
	classes = {
	};
	objectVersion = 50;
	objects = {

/* Begin PBXBuildFile section */
		CAB0BB712281AA9000646E76 /* AddTrainerController.swift in Sources */ = {isa = PBXBuildFile; fileRef = CAB0BB702281AA9000646E76 /* AddTrainerController.swift */; };
		CAB0BB732281AAB700646E76 /* AddTrainerContent.swift in Sources */ = {isa = PBXBuildFile; fileRef = CAB0BB722281AAB700646E76 /* AddTrainerContent.swift */; };
		CAB0BB752281AB4C00646E76 /* AddTrainerContentView.swift in Sources */ = {isa = PBXBuildFile; fileRef = CAB0BB742281AB4C00646E76 /* AddTrainerContentView.swift */; };
		CAB0BB772281D27800646E76 /* BaseContent.swift in Sources */ = {isa = PBXBuildFile; fileRef = CAB0BB762281D27800646E76 /* BaseContent.swift */; };
		CAB0BB792281D2DA00646E76 /* BaseDelegate.swift in Sources */ = {isa = PBXBuildFile; fileRef = CAB0BB782281D2DA00646E76 /* BaseDelegate.swift */; };
		CAB7BFD82272F56300A0D6C1 /* AppDelegate.swift in Sources */ = {isa = PBXBuildFile; fileRef = CAB7BFD72272F56300A0D6C1 /* AppDelegate.swift */; };
		CAB7BFDA2272F56300A0D6C1 /* TrainersController.swift in Sources */ = {isa = PBXBuildFile; fileRef = CAB7BFD92272F56300A0D6C1 /* TrainersController.swift */; };
		CAB7BFDF2272F56500A0D6C1 /* Assets.xcassets in Resources */ = {isa = PBXBuildFile; fileRef = CAB7BFDE2272F56500A0D6C1 /* Assets.xcassets */; };
		CAB7BFE22272F56500A0D6C1 /* LaunchScreen.storyboard in Resources */ = {isa = PBXBuildFile; fileRef = CAB7BFE02272F56500A0D6C1 /* LaunchScreen.storyboard */; };
		CAB7BFEA2272F57100A0D6C1 /* TrainersContent.swift in Sources */ = {isa = PBXBuildFile; fileRef = CAB7BFE92272F57100A0D6C1 /* TrainersContent.swift */; };
		CAB7BFEC2272F58000A0D6C1 /* TrainersContentView.swift in Sources */ = {isa = PBXBuildFile; fileRef = CAB7BFEB2272F58000A0D6C1 /* TrainersContentView.swift */; };
		CAB7BFF02272F78D00A0D6C1 /* JSONReader.swift in Sources */ = {isa = PBXBuildFile; fileRef = CAB7BFEE2272F78D00A0D6C1 /* JSONReader.swift */; };
		CAB7BFF12272F78D00A0D6C1 /* trainers.json in Resources */ = {isa = PBXBuildFile; fileRef = CAB7BFEF2272F78D00A0D6C1 /* trainers.json */; };
		CAB7BFF32272FC9A00A0D6C1 /* Model.swift in Sources */ = {isa = PBXBuildFile; fileRef = CAB7BFF22272FC9A00A0D6C1 /* Model.swift */; };
/* End PBXBuildFile section */

/* Begin PBXFileReference section */
		CAB0BB702281AA9000646E76 /* AddTrainerController.swift */ = {isa = PBXFileReference; lastKnownFileType = sourcecode.swift; path = AddTrainerController.swift; sourceTree = "<group>"; };
		CAB0BB722281AAB700646E76 /* AddTrainerContent.swift */ = {isa = PBXFileReference; lastKnownFileType = sourcecode.swift; path = AddTrainerContent.swift; sourceTree = "<group>"; };
		CAB0BB742281AB4C00646E76 /* AddTrainerContentView.swift */ = {isa = PBXFileReference; lastKnownFileType = sourcecode.swift; path = AddTrainerContentView.swift; sourceTree = "<group>"; };
		CAB0BB762281D27800646E76 /* BaseContent.swift */ = {isa = PBXFileReference; lastKnownFileType = sourcecode.swift; path = BaseContent.swift; sourceTree = "<group>"; };
		CAB0BB782281D2DA00646E76 /* BaseDelegate.swift */ = {isa = PBXFileReference; lastKnownFileType = sourcecode.swift; path = BaseDelegate.swift; sourceTree = "<group>"; };
		CAB7BFD42272F56300A0D6C1 /* CCC.app */ = {isa = PBXFileReference; explicitFileType = wrapper.application; includeInIndex = 0; path = CCC.app; sourceTree = BUILT_PRODUCTS_DIR; };
		CAB7BFD72272F56300A0D6C1 /* AppDelegate.swift */ = {isa = PBXFileReference; lastKnownFileType = sourcecode.swift; path = AppDelegate.swift; sourceTree = "<group>"; };
		CAB7BFD92272F56300A0D6C1 /* TrainersController.swift */ = {isa = PBXFileReference; lastKnownFileType = sourcecode.swift; path = TrainersController.swift; sourceTree = "<group>"; };
		CAB7BFDE2272F56500A0D6C1 /* Assets.xcassets */ = {isa = PBXFileReference; lastKnownFileType = folder.assetcatalog; path = Assets.xcassets; sourceTree = "<group>"; };
		CAB7BFE12272F56500A0D6C1 /* Base */ = {isa = PBXFileReference; lastKnownFileType = file.storyboard; name = Base; path = Base.lproj/LaunchScreen.storyboard; sourceTree = "<group>"; };
		CAB7BFE32272F56500A0D6C1 /* Info.plist */ = {isa = PBXFileReference; lastKnownFileType = text.plist.xml; path = Info.plist; sourceTree = "<group>"; };
		CAB7BFE92272F57100A0D6C1 /* TrainersContent.swift */ = {isa = PBXFileReference; lastKnownFileType = sourcecode.swift; path = TrainersContent.swift; sourceTree = "<group>"; };
		CAB7BFEB2272F58000A0D6C1 /* TrainersContentView.swift */ = {isa = PBXFileReference; lastKnownFileType = sourcecode.swift; path = TrainersContentView.swift; sourceTree = "<group>"; };
		CAB7BFEE2272F78D00A0D6C1 /* JSONReader.swift */ = {isa = PBXFileReference; fileEncoding = 4; lastKnownFileType = sourcecode.swift; path = JSONReader.swift; sourceTree = "<group>"; };
		CAB7BFEF2272F78D00A0D6C1 /* trainers.json */ = {isa = PBXFileReference; fileEncoding = 4; lastKnownFileType = text.json; path = trainers.json; sourceTree = "<group>"; };
		CAB7BFF22272FC9A00A0D6C1 /* Model.swift */ = {isa = PBXFileReference; lastKnownFileType = sourcecode.swift; path = Model.swift; sourceTree = "<group>"; };
/* End PBXFileReference section */

/* Begin PBXFrameworksBuildPhase section */
		CAB7BFD12272F56300A0D6C1 /* Frameworks */ = {
			isa = PBXFrameworksBuildPhase;
			buildActionMask = 2147483647;
			files = (
			);
			runOnlyForDeploymentPostprocessing = 0;
		};
/* End PBXFrameworksBuildPhase section */

/* Begin PBXGroup section */
		CAB0BB7E2281DCE000646E76 /* TrainersController */ = {
			isa = PBXGroup;
			children = (
				CAB7BFD92272F56300A0D6C1 /* TrainersController.swift */,
				CAB7BFE92272F57100A0D6C1 /* TrainersContent.swift */,
				CAB7BFEB2272F58000A0D6C1 /* TrainersContentView.swift */,
			);
			path = TrainersController;
			sourceTree = "<group>";
		};
		CAB0BB7F2281DCEE00646E76 /* AddTrainerController */ = {
			isa = PBXGroup;
			children = (
				CAB0BB702281AA9000646E76 /* AddTrainerController.swift */,
				CAB0BB722281AAB700646E76 /* AddTrainerContent.swift */,
				CAB0BB742281AB4C00646E76 /* AddTrainerContentView.swift */,
			);
			path = AddTrainerController;
			sourceTree = "<group>";
		};
		CAB0BB802281DCFC00646E76 /* BaseClasses */ = {
			isa = PBXGroup;
			children = (
				CAB0BB762281D27800646E76 /* BaseContent.swift */,
				CAB0BB782281D2DA00646E76 /* BaseDelegate.swift */,
			);
			path = BaseClasses;
			sourceTree = "<group>";
		};
		CAB7BFCB2272F56300A0D6C1 = {
			isa = PBXGroup;
			children = (
				CAB7BFD62272F56300A0D6C1 /* CCC */,
				CAB7BFD52272F56300A0D6C1 /* Products */,
			);
			sourceTree = "<group>";
		};
		CAB7BFD52272F56300A0D6C1 /* Products */ = {
			isa = PBXGroup;
			children = (
				CAB7BFD42272F56300A0D6C1 /* CCC.app */,
			);
			name = Products;
			sourceTree = "<group>";
		};
		CAB7BFD62272F56300A0D6C1 /* CCC */ = {
			isa = PBXGroup;
			children = (
				CAB7BFD72272F56300A0D6C1 /* AppDelegate.swift */,
				CAB7BFED2272F78D00A0D6C1 /* Data */,
				CAB0BB7E2281DCE000646E76 /* TrainersController */,
				CAB0BB7F2281DCEE00646E76 /* AddTrainerController */,
				CAB0BB802281DCFC00646E76 /* BaseClasses */,
				CAB7BFDE2272F56500A0D6C1 /* Assets.xcassets */,
				CAB7BFE02272F56500A0D6C1 /* LaunchScreen.storyboard */,
				CAB7BFE32272F56500A0D6C1 /* Info.plist */,
			);
			path = CCC;
			sourceTree = "<group>";
		};
		CAB7BFED2272F78D00A0D6C1 /* Data */ = {
			isa = PBXGroup;
			children = (
				CAB7BFF22272FC9A00A0D6C1 /* Model.swift */,
				CAB7BFEE2272F78D00A0D6C1 /* JSONReader.swift */,
				CAB7BFEF2272F78D00A0D6C1 /* trainers.json */,
			);
			path = Data;
			sourceTree = "<group>";
		};
/* End PBXGroup section */

/* Begin PBXNativeTarget section */
		CAB7BFD32272F56300A0D6C1 /* CCC */ = {
			isa = PBXNativeTarget;
			buildConfigurationList = CAB7BFE62272F56500A0D6C1 /* Build configuration list for PBXNativeTarget "CCC" */;
			buildPhases = (
				CAB7BFD02272F56300A0D6C1 /* Sources */,
				CAB7BFD12272F56300A0D6C1 /* Frameworks */,
				CAB7BFD22272F56300A0D6C1 /* Resources */,
			);
			buildRules = (
			);
			dependencies = (
			);
			name = CCC;
			productName = CCC;
			productReference = CAB7BFD42272F56300A0D6C1 /* CCC.app */;
			productType = "com.apple.product-type.application";
		};
/* End PBXNativeTarget section */

/* Begin PBXProject section */
		CAB7BFCC2272F56300A0D6C1 /* Project object */ = {
			isa = PBXProject;
			attributes = {
				LastSwiftUpdateCheck = 1020;
				LastUpgradeCheck = 1020;
				ORGANIZATIONNAME = "Alessio Sardella";
				TargetAttributes = {
					CAB7BFD32272F56300A0D6C1 = {
						CreatedOnToolsVersion = 10.2.1;
					};
				};
			};
			buildConfigurationList = CAB7BFCF2272F56300A0D6C1 /* Build configuration list for PBXProject "CCC" */;
			compatibilityVersion = "Xcode 9.3";
			developmentRegion = en;
			hasScannedForEncodings = 0;
			knownRegions = (
				en,
				Base,
			);
			mainGroup = CAB7BFCB2272F56300A0D6C1;
			productRefGroup = CAB7BFD52272F56300A0D6C1 /* Products */;
			projectDirPath = "";
			projectRoot = "";
			targets = (
				CAB7BFD32272F56300A0D6C1 /* CCC */,
			);
		};
/* End PBXProject section */

/* Begin PBXResourcesBuildPhase section */
		CAB7BFD22272F56300A0D6C1 /* Resources */ = {
			isa = PBXResourcesBuildPhase;
			buildActionMask = 2147483647;
			files = (
				CAB7BFE22272F56500A0D6C1 /* LaunchScreen.storyboard in Resources */,
				CAB7BFF12272F78D00A0D6C1 /* trainers.json in Resources */,
				CAB7BFDF2272F56500A0D6C1 /* Assets.xcassets in Resources */,
			);
			runOnlyForDeploymentPostprocessing = 0;
		};
/* End PBXResourcesBuildPhase section */

/* Begin PBXSourcesBuildPhase section */
		CAB7BFD02272F56300A0D6C1 /* Sources */ = {
			isa = PBXSourcesBuildPhase;
			buildActionMask = 2147483647;
			files = (
				CAB0BB792281D2DA00646E76 /* BaseDelegate.swift in Sources */,
				CAB7BFDA2272F56300A0D6C1 /* TrainersController.swift in Sources */,
				CAB7BFF02272F78D00A0D6C1 /* JSONReader.swift in Sources */,
				CAB7BFD82272F56300A0D6C1 /* AppDelegate.swift in Sources */,
				CAB0BB732281AAB700646E76 /* AddTrainerContent.swift in Sources */,
				CAB7BFF32272FC9A00A0D6C1 /* Model.swift in Sources */,
				CAB0BB712281AA9000646E76 /* AddTrainerController.swift in Sources */,
				CAB7BFEC2272F58000A0D6C1 /* TrainersContentView.swift in Sources */,
				CAB0BB752281AB4C00646E76 /* AddTrainerContentView.swift in Sources */,
				CAB0BB772281D27800646E76 /* BaseContent.swift in Sources */,
				CAB7BFEA2272F57100A0D6C1 /* TrainersContent.swift in Sources */,
			);
			runOnlyForDeploymentPostprocessing = 0;
		};
/* End PBXSourcesBuildPhase section */

/* Begin PBXVariantGroup section */
		CAB7BFE02272F56500A0D6C1 /* LaunchScreen.storyboard */ = {
			isa = PBXVariantGroup;
			children = (
				CAB7BFE12272F56500A0D6C1 /* Base */,
			);
			name = LaunchScreen.storyboard;
			sourceTree = "<group>";
		};
/* End PBXVariantGroup section */

/* Begin XCBuildConfiguration section */
		CAB7BFE42272F56500A0D6C1 /* Debug */ = {
			isa = XCBuildConfiguration;
			buildSettings = {
				ALWAYS_SEARCH_USER_PATHS = NO;
				CLANG_ANALYZER_NONNULL = YES;
				CLANG_ANALYZER_NUMBER_OBJECT_CONVERSION = YES_AGGRESSIVE;
				CLANG_CXX_LANGUAGE_STANDARD = "gnu++14";
				CLANG_CXX_LIBRARY = "libc++";
				CLANG_ENABLE_MODULES = YES;
				CLANG_ENABLE_OBJC_ARC = YES;
				CLANG_ENABLE_OBJC_WEAK = YES;
				CLANG_WARN_BLOCK_CAPTURE_AUTORELEASING = YES;
				CLANG_WARN_BOOL_CONVERSION = YES;
				CLANG_WARN_COMMA = YES;
				CLANG_WARN_CONSTANT_CONVERSION = YES;
				CLANG_WARN_DEPRECATED_OBJC_IMPLEMENTATIONS = YES;
				CLANG_WARN_DIRECT_OBJC_ISA_USAGE = YES_ERROR;
				CLANG_WARN_DOCUMENTATION_COMMENTS = YES;
				CLANG_WARN_EMPTY_BODY = YES;
				CLANG_WARN_ENUM_CONVERSION = YES;
				CLANG_WARN_INFINITE_RECURSION = YES;
				CLANG_WARN_INT_CONVERSION = YES;
				CLANG_WARN_NON_LITERAL_NULL_CONVERSION = YES;
				CLANG_WARN_OBJC_IMPLICIT_RETAIN_SELF = YES;
				CLANG_WARN_OBJC_LITERAL_CONVERSION = YES;
				CLANG_WARN_OBJC_ROOT_CLASS = YES_ERROR;
				CLANG_WARN_RANGE_LOOP_ANALYSIS = YES;
				CLANG_WARN_STRICT_PROTOTYPES = YES;
				CLANG_WARN_SUSPICIOUS_MOVE = YES;
				CLANG_WARN_UNGUARDED_AVAILABILITY = YES_AGGRESSIVE;
				CLANG_WARN_UNREACHABLE_CODE = YES;
				CLANG_WARN__DUPLICATE_METHOD_MATCH = YES;
				CODE_SIGN_IDENTITY = "iPhone Developer";
				COPY_PHASE_STRIP = NO;
				DEBUG_INFORMATION_FORMAT = dwarf;
				ENABLE_STRICT_OBJC_MSGSEND = YES;
				ENABLE_TESTABILITY = YES;
				GCC_C_LANGUAGE_STANDARD = gnu11;
				GCC_DYNAMIC_NO_PIC = NO;
				GCC_NO_COMMON_BLOCKS = YES;
				GCC_OPTIMIZATION_LEVEL = 0;
				GCC_PREPROCESSOR_DEFINITIONS = (
					"DEBUG=1",
					"$(inherited)",
				);
				GCC_WARN_64_TO_32_BIT_CONVERSION = YES;
				GCC_WARN_ABOUT_RETURN_TYPE = YES_ERROR;
				GCC_WARN_UNDECLARED_SELECTOR = YES;
				GCC_WARN_UNINITIALIZED_AUTOS = YES_AGGRESSIVE;
				GCC_WARN_UNUSED_FUNCTION = YES;
				GCC_WARN_UNUSED_VARIABLE = YES;
				IPHONEOS_DEPLOYMENT_TARGET = 12.2;
				MTL_ENABLE_DEBUG_INFO = INCLUDE_SOURCE;
				MTL_FAST_MATH = YES;
				ONLY_ACTIVE_ARCH = YES;
				SDKROOT = iphoneos;
				SWIFT_ACTIVE_COMPILATION_CONDITIONS = DEBUG;
				SWIFT_OPTIMIZATION_LEVEL = "-Onone";
			};
			name = Debug;
		};
		CAB7BFE52272F56500A0D6C1 /* Release */ = {
			isa = XCBuildConfiguration;
			buildSettings = {
				ALWAYS_SEARCH_USER_PATHS = NO;
				CLANG_ANALYZER_NONNULL = YES;
				CLANG_ANALYZER_NUMBER_OBJECT_CONVERSION = YES_AGGRESSIVE;
				CLANG_CXX_LANGUAGE_STANDARD = "gnu++14";
				CLANG_CXX_LIBRARY = "libc++";
				CLANG_ENABLE_MODULES = YES;
				CLANG_ENABLE_OBJC_ARC = YES;
				CLANG_ENABLE_OBJC_WEAK = YES;
				CLANG_WARN_BLOCK_CAPTURE_AUTORELEASING = YES;
				CLANG_WARN_BOOL_CONVERSION = YES;
				CLANG_WARN_COMMA = YES;
				CLANG_WARN_CONSTANT_CONVERSION = YES;
				CLANG_WARN_DEPRECATED_OBJC_IMPLEMENTATIONS = YES;
				CLANG_WARN_DIRECT_OBJC_ISA_USAGE = YES_ERROR;
				CLANG_WARN_DOCUMENTATION_COMMENTS = YES;
				CLANG_WARN_EMPTY_BODY = YES;
				CLANG_WARN_ENUM_CONVERSION = YES;
				CLANG_WARN_INFINITE_RECURSION = YES;
				CLANG_WARN_INT_CONVERSION = YES;
				CLANG_WARN_NON_LITERAL_NULL_CONVERSION = YES;
				CLANG_WARN_OBJC_IMPLICIT_RETAIN_SELF = YES;
				CLANG_WARN_OBJC_LITERAL_CONVERSION = YES;
				CLANG_WARN_OBJC_ROOT_CLASS = YES_ERROR;
				CLANG_WARN_RANGE_LOOP_ANALYSIS = YES;
				CLANG_WARN_STRICT_PROTOTYPES = YES;
				CLANG_WARN_SUSPICIOUS_MOVE = YES;
				CLANG_WARN_UNGUARDED_AVAILABILITY = YES_AGGRESSIVE;
				CLANG_WARN_UNREACHABLE_CODE = YES;
				CLANG_WARN__DUPLICATE_METHOD_MATCH = YES;
				CODE_SIGN_IDENTITY = "iPhone Developer";
				COPY_PHASE_STRIP = NO;
				DEBUG_INFORMATION_FORMAT = "dwarf-with-dsym";
				ENABLE_NS_ASSERTIONS = NO;
				ENABLE_STRICT_OBJC_MSGSEND = YES;
				GCC_C_LANGUAGE_STANDARD = gnu11;
				GCC_NO_COMMON_BLOCKS = YES;
				GCC_WARN_64_TO_32_BIT_CONVERSION = YES;
				GCC_WARN_ABOUT_RETURN_TYPE = YES_ERROR;
				GCC_WARN_UNDECLARED_SELECTOR = YES;
				GCC_WARN_UNINITIALIZED_AUTOS = YES_AGGRESSIVE;
				GCC_WARN_UNUSED_FUNCTION = YES;
				GCC_WARN_UNUSED_VARIABLE = YES;
				IPHONEOS_DEPLOYMENT_TARGET = 12.2;
				MTL_ENABLE_DEBUG_INFO = NO;
				MTL_FAST_MATH = YES;
				SDKROOT = iphoneos;
				SWIFT_COMPILATION_MODE = wholemodule;
				SWIFT_OPTIMIZATION_LEVEL = "-O";
				VALIDATE_PRODUCT = YES;
			};
			name = Release;
		};
		CAB7BFE72272F56500A0D6C1 /* Debug */ = {
			isa = XCBuildConfiguration;
			buildSettings = {
				ASSETCATALOG_COMPILER_APPICON_NAME = AppIcon;
				CODE_SIGN_STYLE = Automatic;
				DEVELOPMENT_TEAM = 3A77F3Y2WP;
				INFOPLIST_FILE = CCC/Info.plist;
				LD_RUNPATH_SEARCH_PATHS = (
					"$(inherited)",
					"@executable_path/Frameworks",
				);
				PRODUCT_BUNDLE_IDENTIFIER = "Alessio-Sardella.CCC";
				PRODUCT_NAME = "$(TARGET_NAME)";
				SWIFT_VERSION = 5.0;
				TARGETED_DEVICE_FAMILY = "1,2";
			};
			name = Debug;
		};
		CAB7BFE82272F56500A0D6C1 /* Release */ = {
			isa = XCBuildConfiguration;
			buildSettings = {
				ASSETCATALOG_COMPILER_APPICON_NAME = AppIcon;
				CODE_SIGN_STYLE = Automatic;
				DEVELOPMENT_TEAM = 3A77F3Y2WP;
				INFOPLIST_FILE = CCC/Info.plist;
				LD_RUNPATH_SEARCH_PATHS = (
					"$(inherited)",
					"@executable_path/Frameworks",
				);
				PRODUCT_BUNDLE_IDENTIFIER = "Alessio-Sardella.CCC";
				PRODUCT_NAME = "$(TARGET_NAME)";
				SWIFT_VERSION = 5.0;
				TARGETED_DEVICE_FAMILY = "1,2";
			};
			name = Release;
		};
/* End XCBuildConfiguration section */

/* Begin XCConfigurationList section */
		CAB7BFCF2272F56300A0D6C1 /* Build configuration list for PBXProject "CCC" */ = {
			isa = XCConfigurationList;
			buildConfigurations = (
				CAB7BFE42272F56500A0D6C1 /* Debug */,
				CAB7BFE52272F56500A0D6C1 /* Release */,
			);
			defaultConfigurationIsVisible = 0;
			defaultConfigurationName = Release;
		};
		CAB7BFE62272F56500A0D6C1 /* Build configuration list for PBXNativeTarget "CCC" */ = {
			isa = XCConfigurationList;
			buildConfigurations = (
				CAB7BFE72272F56500A0D6C1 /* Debug */,
				CAB7BFE82272F56500A0D6C1 /* Release */,
			);
			defaultConfigurationIsVisible = 0;
			defaultConfigurationName = Release;
		};
/* End XCConfigurationList section */
	};
	rootObject = CAB7BFCC2272F56300A0D6C1 /* Project object */;
}
